
Microsoft Visual Studio Solution File, Format Version 12.00
# Visual Studio Version 17
VisualStudioVersion = 17.2.32210.308
MinimumVisualStudioVersion = 10.0.40219.1
Project("{FAE04EC0-301F-11D3-BF4B-00C04F79EFBC}") = "LedIce", "LedIce\LedIce.csproj", "{64D4201B-4F29-465A-AB74-6892450FE5F2}"
EndProject
Global
	GlobalSection(SolutionConfigurationPlatforms) = preSolution
		Debug|Any CPU = Debug|Any CPU
		Release|Any CPU = Release|Any CPU
	EndGlobalSection
	GlobalSection(ProjectConfigurationPlatforms) = postSolution
		{64D4201B-4F29-465A-AB74-6892450FE5F2}.Debug|Any CPU.ActiveCfg = Debug|Any CPU
		{64D4201B-4F29-465A-AB74-6892450FE5F2}.Debug|Any CPU.Build.0 = Debug|Any CPU
		{64D4201B-4F29-465A-AB74-6892450FE5F2}.Release|Any CPU.ActiveCfg = Release|Any CPU
		{64D4201B-4F29-465A-AB74-6892450FE5F2}.Release|Any CPU.Build.0 = Release|Any CPU
	EndGlobalSection
	GlobalSection(SolutionProperties) = preSolution
		HideSolutionNode = FALSE
	EndGlobalSection
	GlobalSection(ExtensibilityGlobals) = postSolution
		SolutionGuid = {8E3A4355-4F73-4CB1-B7BF-5305C95D4BD1}
	EndGlobalSection
EndGlobal
