
Microsoft Visual Studio Solution File, Format Version 12.00
# Visual Studio Version 17
VisualStudioVersion = 17.2.32210.308
MinimumVisualStudioVersion = 10.0.40219.1
Project("{FAE04EC0-301F-11D3-BF4B-00C04F79EFBC}") = "Store.Server", "Store\Server\Store.Server.csproj", "{EFB954BB-4D35-456B-9B28-59502B5DEDC3}"
EndProject
Project("{FAE04EC0-301F-11D3-BF4B-00C04F79EFBC}") = "Store.Client", "Store\Client\Store.Client.csproj", "{EA99BEA1-9725-49E2-8DE4-D244A43CE019}"
EndProject
Project("{FAE04EC0-301F-11D3-BF4B-00C04F79EFBC}") = "Store.Shared", "Store\Shared\Store.Shared.csproj", "{6C1FBEF1-2A01-4AED-81FD-4E16EB14436A}"
EndProject
Global
	GlobalSection(SolutionConfigurationPlatforms) = preSolution
		Debug|Any CPU = Debug|Any CPU
		Release|Any CPU = Release|Any CPU
	EndGlobalSection
	GlobalSection(ProjectConfigurationPlatforms) = postSolution
		{EFB954BB-4D35-456B-9B28-59502B5DEDC3}.Debug|Any CPU.ActiveCfg = Debug|Any CPU
		{EFB954BB-4D35-456B-9B28-59502B5DEDC3}.Debug|Any CPU.Build.0 = Debug|Any CPU
		{EFB954BB-4D35-456B-9B28-59502B5DEDC3}.Release|Any CPU.ActiveCfg = Release|Any CPU
		{EFB954BB-4D35-456B-9B28-59502B5DEDC3}.Release|Any CPU.Build.0 = Release|Any CPU
		{EA99BEA1-9725-49E2-8DE4-D244A43CE019}.Debug|Any CPU.ActiveCfg = Debug|Any CPU
		{EA99BEA1-9725-49E2-8DE4-D244A43CE019}.Debug|Any CPU.Build.0 = Debug|Any CPU
		{EA99BEA1-9725-49E2-8DE4-D244A43CE019}.Release|Any CPU.ActiveCfg = Release|Any CPU
		{EA99BEA1-9725-49E2-8DE4-D244A43CE019}.Release|Any CPU.Build.0 = Release|Any CPU
		{6C1FBEF1-2A01-4AED-81FD-4E16EB14436A}.Debug|Any CPU.ActiveCfg = Debug|Any CPU
		{6C1FBEF1-2A01-4AED-81FD-4E16EB14436A}.Debug|Any CPU.Build.0 = Debug|Any CPU
		{6C1FBEF1-2A01-4AED-81FD-4E16EB14436A}.Release|Any CPU.ActiveCfg = Release|Any CPU
		{6C1FBEF1-2A01-4AED-81FD-4E16EB14436A}.Release|Any CPU.Build.0 = Release|Any CPU
	EndGlobalSection
	GlobalSection(SolutionProperties) = preSolution
		HideSolutionNode = FALSE
	EndGlobalSection
	GlobalSection(ExtensibilityGlobals) = postSolution
		SolutionGuid = {8E3A4355-4F73-4CB1-B7BF-5305C95D4BD1}
	EndGlobalSection
EndGlobal
